{
    "_meta": {
        "hash": {
            "sha256": "8c2990c2b3caddb8fcd1bd80ba4fd321e250f27bc0c28be11cfbfb57f97c6785"
        },
        "pipfile-spec": 6,
        "requires": {
            "python_version": "3.9"
        },
        "sources": [
            {
                "name": "pypi",
                "url": "https://pypi.org/simple",
                "verify_ssl": true
            }
        ]
    },
    "default": {
        "anvil-parser": {
            "git": "https://github.com/0xTiger/anvil-parser",
            "ref": "27544bb41f035617be130a209a84371cbaf837cc"
        },
        "frozendict": {
            "hashes": [
                "sha256:0bc4767e2f83db5b701c787e22380296977368b0c57e485ca71b2eedfa11c4a3",
                "sha256:145afd033ebfade28416093335261b8ec1af5cccc593482309e7add062ec8668",
                "sha256:23c4bb46e6b8246e1e7e49b5593c2bc09221db0d8f31f7c092be8dfb42b9e620",
                "sha256:2b2fd8ce36277919b36e3c834d2389f3cd7ac068ae730c312671dd4439a5dd65",
                "sha256:2b3435e5f1ca5ae68a5e95e64b09d6d5c645cadd6b87569a0b3019dd248c8d00",
                "sha256:313ed8d9ba6bac35d7635cd9580ee5721a0fb016f4d2d20f0efa05dbecbdb1be",
                "sha256:3957d52f1906b0c85f641a1911d214255873f6408ab4e5ad657cc27a247fb145",
                "sha256:4742e76c4111bd09198d3ab66cef94be8506212311338f9182d6ef5f5cb60493",
                "sha256:47fc26468407fdeb428cfc89495b7921419e670355c21b383765482fdf6c5c14",
                "sha256:4c258aab9c8488338634f2ec670ef049dbf0ab0e7a2fa9bc2c7b5009cb614801",
                "sha256:5526559eca8f1780a4ee5146896f59afc31435313560208dd394a3a5e537d3ff",
                "sha256:5e82befa7c385a668d569cebbebbdf49cee6fea4083f08e869a1b08cfb640a9f",
                "sha256:638cf363d3cbca31a341503cf2219eac52a5f5140449676fae3d9644cd3c5487",
                "sha256:6ea638228692db2bf94bce40ea4b25f4077588497b516bd16576575560094bd9",
                "sha256:72cfe08ab8ae524e54848fa90b22d02c1b1ecfb3064438696bcaa4b953f18772",
                "sha256:750632cc890d8ee9484fe6d31b261159144b6efacc08e1317fe46accd1410373",
                "sha256:7a75bf87e76c4386caecdbdd02a99e53ad43a6b5c38fb3d5a634a9fc9ce41462",
                "sha256:7ee5fe2658a8ac9a57f748acaf563f6a47f80b8308cbf0a04fac0ba057d41f75",
                "sha256:80abe81d36e889ceec665e06ec764a7638000fa3e7be09786ac4d3ddc64b76db",
                "sha256:8ccc94ac781710db44e142e1a11ff9b31d02c032c01c6868d51fcbef73086225",
                "sha256:8cf35ddd25513428ec152614def9696afb93ae5ec0eb54fa6aa6206eda77ac4c",
                "sha256:9a506d807858fa961aaa5b48dab6154fdc6bd045bbe9310788bbff141bb42d13",
                "sha256:9ea5520e85447ff8d4681e181941e482662817ccba921b7cb3f87922056d892a",
                "sha256:ba41a7ed019bd03b62d63ed3f8dea35b8243d1936f7c9ed4b5298ca45a01928e",
                "sha256:c31abc8acea309b132dde441856829f6003a3d242da8b54bce4c0f2a3c8c63f0",
                "sha256:d086440328a465dea9bef2dbad7548d75d1a0a0d21f43a08c03e1ec79ac5240e",
                "sha256:d188d062084fba0e4bf32719ff7380b26c050b932ff164043ce82ab90587c52b",
                "sha256:d3c6ce943946c2a61501c8cf116fff0892d11dd579877eb36e2aea2c27fddfef",
                "sha256:da98427de26b5a2865727947480cbb53860089c4d195baa29c539da811cea617",
                "sha256:e27c5c1d29d0eda7979253ec88abc239da1313b38f39f4b16984db3b3e482300",
                "sha256:e4c785de7f1a13f15963945f400656b18f057c2fc76c089dacf127a2bb188c03",
                "sha256:e72dbc1bcc2203cef38d205f692396f5505921a5680f66aa9a7e8bb71fd38f28",
                "sha256:ed5a6c5c7a0f57269577c2a338a6002949aea21a23b7b7d06da7e7dced8b605b",
                "sha256:f0f573dc4861dd7ec9e055c8cceaf45355e894e749f621f199aab7b311ac4bdb",
                "sha256:f2a4e818ac457f6354401dcb631527af25e5a20fcfc81e6b5054b45fc245caca",
                "sha256:f83fed36497af9562ead5e9fb8443224ba2781786bd3b92b1087cb7d0ff20135",
                "sha256:ffc684773de7c88724788fa9787d0016fd75830412d58acbd9ed1a04762c675b"
            ],
            "markers": "python_version >= '3.6'",
            "version": "==2.3.8"
        },
        "nbt": {
            "hashes": [
                "sha256:1503314d0374b983642f9f219890330ce19d9d85966a28bdb6bef1fb17c4c2c0",
                "sha256:da3bb2137605cb9dfe7446f13f19b3ae7faf920d430a387fb78efde27f6636c5"
            ],
            "index": "pypi",
            "version": "==1.5.1"
        },
        "numpy": {
            "hashes": [
                "sha256:0d60fbae8e0019865fc4784745814cff1c421df5afee233db6d88ab4f14655a2",
                "sha256:1a1329e26f46230bf77b02cc19e900db9b52f398d6722ca853349a782d4cff55",
                "sha256:1b9735c27cea5d995496f46a8b1cd7b408b3f34b6d50459d9ac8fe3a20cc17bf",
                "sha256:2792d23d62ec51e50ce4d4b7d73de8f67a2fd3ea710dcbc8563a51a03fb07b01",
                "sha256:3e0746410e73384e70d286f93abf2520035250aad8c5714240b0492a7302fdca",
                "sha256:4c3abc71e8b6edba80a01a52e66d83c5d14433cbcd26a40c329ec7ed09f37901",
                "sha256:5883c06bb92f2e6c8181df7b39971a5fb436288db58b5a1c3967702d4278691d",
                "sha256:5c97325a0ba6f9d041feb9390924614b60b99209a71a69c876f71052521d42a4",
                "sha256:60e7f0f7f6d0eee8364b9a6304c2845b9c491ac706048c7e8cf47b83123b8dbf",
                "sha256:76b4115d42a7dfc5d485d358728cdd8719be33cc5ec6ec08632a5d6fca2ed380",
                "sha256:7dc869c0c75988e1c693d0e2d5b26034644399dd929bc049db55395b1379e044",
                "sha256:834b386f2b8210dca38c71a6e0f4fd6922f7d3fcff935dbe3a570945acb1b545",
                "sha256:8b77775f4b7df768967a7c8b3567e309f617dd5e99aeb886fa14dc1a0791141f",
                "sha256:90319e4f002795ccfc9050110bbbaa16c944b1c37c0baeea43c5fb881693ae1f",
                "sha256:b79e513d7aac42ae918db3ad1341a015488530d0bb2a6abcbdd10a3a829ccfd3",
                "sha256:bb33d5a1cf360304754913a350edda36d5b8c5331a8237268c48f91253c3a364",
                "sha256:bec1e7213c7cb00d67093247f8c4db156fd03075f49876957dca4711306d39c9",
                "sha256:c5462d19336db4560041517dbb7759c21d181a67cb01b36ca109b2ae37d32418",
                "sha256:c5652ea24d33585ea39eb6a6a15dac87a1206a692719ff45d53c5282e66d4a8f",
                "sha256:d7806500e4f5bdd04095e849265e55de20d8cc4b661b038957354327f6d9b295",
                "sha256:db3ccc4e37a6873045580d413fe79b68e47a681af8db2e046f1dacfa11f86eb3",
                "sha256:dfe4a913e29b418d096e696ddd422d8a5d13ffba4ea91f9f60440a3b759b0187",
                "sha256:eb942bfb6f84df5ce05dbf4b46673ffed0d3da59f13635ea9b926af3deb76926",
                "sha256:f08f2e037bba04e707eebf4bc934f1972a315c883a9e0ebfa8a7756eabf9e357",
                "sha256:fd608e19c8d7c55021dffd43bfe5492fab8cc105cc8986f813f8c3c048b38760"
            ],
            "index": "pypi",
            "version": "==1.25.2"
        },
        "pyyaml": {
            "hashes": [
                "sha256:062582fca9fabdd2c8b54a3ef1c978d786e0f6b3a1510e0ac93ef59e0ddae2bc",
                "sha256:1635fd110e8d85d55237ab316b5b011de701ea0f29d07611174a1b42f1444741",
                "sha256:184c5108a2aca3c5b3d3bf9395d50893a7ab82a38004c8f61c258d4428e80206",
                "sha256:18aeb1bf9a78867dc38b259769503436b7c72f7a1f1f4c93ff9a17de54319b27",
                "sha256:1d4c7e777c441b20e32f52bd377e0c409713e8bb1386e1099c2415f26e479595",
                "sha256:1e2722cc9fbb45d9b87631ac70924c11d3a401b2d7f410cc0e3bbf249f2dca62",
                "sha256:1fe35611261b29bd1de0070f0b2f47cb6ff71fa6595c077e42bd0c419fa27b98",
                "sha256:28c119d996beec18c05208a8bd78cbe4007878c6dd15091efb73a30e90539696",
                "sha256:42f8152b8dbc4fe7d96729ec2b99c7097d656dc1213a3229ca5383f973a5ed6d",
                "sha256:4fb147e7a67ef577a588a0e2c17b6db51dda102c71de36f8549b6816a96e1867",
                "sha256:50550eb667afee136e9a77d6dc71ae76a44df8b3e51e41b77f6de2932bfe0f47",
                "sha256:510c9deebc5c0225e8c96813043e62b680ba2f9c50a08d3724c7f28a747d1486",
                "sha256:5773183b6446b2c99bb77e77595dd486303b4faab2b086e7b17bc6bef28865f6",
                "sha256:596106435fa6ad000c2991a98fa58eeb8656ef2325d7e158344fb33864ed87e3",
                "sha256:6965a7bc3cf88e5a1c3bd2e0b5c22f8d677dc88a455344035f03399034eb3007",
                "sha256:69b023b2b4daa7548bcfbd4aa3da05b3a74b772db9e23b982788168117739938",
                "sha256:704219a11b772aea0d8ecd7058d0082713c3562b4e271b849ad7dc4a5c90c13c",
                "sha256:7e07cbde391ba96ab58e532ff4803f79c4129397514e1413a7dc761ccd755735",
                "sha256:81e0b275a9ecc9c0c0c07b4b90ba548307583c125f54d5b6946cfee6360c733d",
                "sha256:9046c58c4395dff28dd494285c82ba00b546adfc7ef001486fbf0324bc174fba",
                "sha256:9eb6caa9a297fc2c2fb8862bc5370d0303ddba53ba97e71f08023b6cd73d16a8",
                "sha256:a0cd17c15d3bb3fa06978b4e8958dcdc6e0174ccea823003a106c7d4d7899ac5",
                "sha256:afd7e57eddb1a54f0f1a974bc4391af8bcce0b444685d936840f125cf046d5bd",
                "sha256:b1275ad35a5d18c62a7220633c913e1b42d44b46ee12554e5fd39c70a243d6a3",
                "sha256:b786eecbdf8499b9ca1d697215862083bd6d2a99965554781d0d8d1ad31e13a0",
                "sha256:ba336e390cd8e4d1739f42dfe9bb83a3cc2e80f567d8805e11b46f4a943f5515",
                "sha256:baa90d3f661d43131ca170712d903e6295d1f7a0f595074f151c0aed377c9b9c",
                "sha256:bc1bf2925a1ecd43da378f4db9e4f799775d6367bdb94671027b73b393a7c42c",
                "sha256:bd4af7373a854424dabd882decdc5579653d7868b8fb26dc7d0e99f823aa5924",
                "sha256:bf07ee2fef7014951eeb99f56f39c9bb4af143d8aa3c21b1677805985307da34",
                "sha256:bfdf460b1736c775f2ba9f6a92bca30bc2095067b8a9d77876d1fad6cc3b4a43",
                "sha256:c8098ddcc2a85b61647b2590f825f3db38891662cfc2fc776415143f599bb859",
                "sha256:d2b04aac4d386b172d5b9692e2d2da8de7bfb6c387fa4f801fbf6fb2e6ba4673",
                "sha256:d858aa552c999bc8a8d57426ed01e40bef403cd8ccdd0fc5f6f04a00414cac2a",
                "sha256:f003ed9ad21d6a4713f0a9b5a7a0a79e08dd0f221aff4525a2be4c346ee60aab",
                "sha256:f22ac1c3cac4dbc50079e965eba2c1058622631e526bd9afd45fedd49ba781fa",
                "sha256:faca3bdcf85b2fc05d06ff3fbc1f83e1391b3e724afa3feba7d13eeab355484c",
                "sha256:fca0e3a251908a499833aa292323f32437106001d436eca0e6e7833256674585",
                "sha256:fd1592b3fdf65fff2ad0004b5e363300ef59ced41c2e6b3a99d4089fa8c5435d",
                "sha256:fd66fc5d0da6d9815ba2cebeb4205f95818ff4b79c3ebe268e75d961704af52f"
            ],
            "index": "pypi",
            "version": "==6.0.1"
        },
        "tifffile": {
            "hashes": [
                "sha256:5a5a624b2f7ab7f37e9ec4174ae2df1805b9658f89013f9b4b5550672f65f2a1",
                "sha256:a9449ab688b82b69f3ddf80e4e0b4de7b5b02549974a56e112061b816b3c5585"
            ],
            "index": "pypi",
            "version": "==2023.7.18"
        }
    },
    "develop": {}
}
